
Microsoft Visual Studio Solution File, Format Version 12.00
# Visual Studio Version 16
VisualStudioVersion = 16.0.34031.81
MinimumVisualStudioVersion = 10.0.40219.1
Project("{FAE04EC0-301F-11D3-BF4B-00C04F79EFBC}") = "Non-PrimitiveTypes_ReferenceTypesAndValueTypes", "Non-PrimitiveTypes_ReferenceTypesAndValueTypes.csproj", "{32A80FF6-F1ED-47D1-B12D-0220B8EB58AA}"
EndProject
Global
	GlobalSection(SolutionConfigurationPlatforms) = preSolution
		Debug|Any CPU = Debug|Any CPU
		Release|Any CPU = Release|Any CPU
	EndGlobalSection
	GlobalSection(ProjectConfigurationPlatforms) = postSolution
		{32A80FF6-F1ED-47D1-B12D-0220B8EB58AA}.Debug|Any CPU.ActiveCfg = Debug|Any CPU
		{32A80FF6-F1ED-47D1-B12D-0220B8EB58AA}.Debug|Any CPU.Build.0 = Debug|Any CPU
		{32A80FF6-F1ED-47D1-B12D-0220B8EB58AA}.Release|Any CPU.ActiveCfg = Release|Any CPU
		{32A80FF6-F1ED-47D1-B12D-0220B8EB58AA}.Release|Any CPU.Build.0 = Release|Any CPU
	EndGlobalSection
	GlobalSection(SolutionProperties) = preSolution
		HideSolutionNode = FALSE
	EndGlobalSection
	GlobalSection(ExtensibilityGlobals) = postSolution
		SolutionGuid = {6F0F24E4-35DF-4472-B504-3F8CCC474456}
	EndGlobalSection
EndGlobal
